
Microsoft Visual Studio Solution File, Format Version 12.00
# Visual Studio Version 17
VisualStudioVersion = 17.11.35208.52
MinimumVisualStudioVersion = 10.0.40219.1
Project("{FAE04EC0-301F-11D3-BF4B-00C04F79EFBC}") = "HackerNews.API", "HackerNews.API\HackerNews.API.csproj", "{7404280B-2182-4886-BEE6-F6B8CE1F55F9}"
EndProject
Project("{FAE04EC0-301F-11D3-BF4B-00C04F79EFBC}") = "HackerNews.Services", "HackerNews.Services\HackerNews.Services.csproj", "{DC905BE8-1FAA-4DAA-86CD-6B25C0B7CD16}"
EndProject
Project("{FAE04EC0-301F-11D3-BF4B-00C04F79EFBC}") = "HackerNews.Test", "HackerNewsTest\HackerNews.Test.csproj", "{7EB53AF2-EFF7-4855-A187-744F765B4809}"
EndProject
Global
	GlobalSection(SolutionConfigurationPlatforms) = preSolution
		Debug|Any CPU = Debug|Any CPU
		Release|Any CPU = Release|Any CPU
	EndGlobalSection
	GlobalSection(ProjectConfigurationPlatforms) = postSolution
		{7404280B-2182-4886-BEE6-F6B8CE1F55F9}.Debug|Any CPU.ActiveCfg = Debug|Any CPU
		{7404280B-2182-4886-BEE6-F6B8CE1F55F9}.Debug|Any CPU.Build.0 = Debug|Any CPU
		{7404280B-2182-4886-BEE6-F6B8CE1F55F9}.Release|Any CPU.ActiveCfg = Release|Any CPU
		{7404280B-2182-4886-BEE6-F6B8CE1F55F9}.Release|Any CPU.Build.0 = Release|Any CPU
		{DC905BE8-1FAA-4DAA-86CD-6B25C0B7CD16}.Debug|Any CPU.ActiveCfg = Debug|Any CPU
		{DC905BE8-1FAA-4DAA-86CD-6B25C0B7CD16}.Debug|Any CPU.Build.0 = Debug|Any CPU
		{DC905BE8-1FAA-4DAA-86CD-6B25C0B7CD16}.Release|Any CPU.ActiveCfg = Release|Any CPU
		{DC905BE8-1FAA-4DAA-86CD-6B25C0B7CD16}.Release|Any CPU.Build.0 = Release|Any CPU
		{7EB53AF2-EFF7-4855-A187-744F765B4809}.Debug|Any CPU.ActiveCfg = Debug|Any CPU
		{7EB53AF2-EFF7-4855-A187-744F765B4809}.Debug|Any CPU.Build.0 = Debug|Any CPU
		{7EB53AF2-EFF7-4855-A187-744F765B4809}.Release|Any CPU.ActiveCfg = Release|Any CPU
		{7EB53AF2-EFF7-4855-A187-744F765B4809}.Release|Any CPU.Build.0 = Release|Any CPU
	EndGlobalSection
	GlobalSection(SolutionProperties) = preSolution
		HideSolutionNode = FALSE
	EndGlobalSection
	GlobalSection(ExtensibilityGlobals) = postSolution
		SolutionGuid = {DA0C6C8B-ACE4-4E60-B565-B8CBE6100380}
	EndGlobalSection
EndGlobal
